PODS:
  - Alamofire (5.0.5)
  - Moya (14.0.0):
    - Moya/Core (= 14.0.0)
  - Moya/Core (14.0.0):
    - Alamofire (~> 5.0)
  - MoyaNetworkClient (2.0.0):
    - MoyaNetworkClient/Core (= 2.0.0)
  - MoyaNetworkClient/Cache (2.0.0):
    - MoyaNetworkClient/Core
    - MoyaNetworkClient/Future
  - MoyaNetworkClient/Core (2.0.0):
    - Moya (~> 14.0)
  - MoyaNetworkClient/Future (2.0.0):
    - MoyaNetworkClient/Core

DEPENDENCIES:
  - MoyaNetworkClient (from `../`)
  - MoyaNetworkClient/Cache (from `../`)
  - MoyaNetworkClient/Future (from `../`)

SPEC REPOS:
  trunk:
    - Alamofire
    - Moya

EXTERNAL SOURCES:
  MoyaNetworkClient:
    :path: "../"

SPEC CHECKSUMS:
  Alamofire: df2f8f826963b08b9a870791ad48e07a10090b2e
  Moya: 5b45dacb75adb009f97fde91c204c1e565d31916
  MoyaNetworkClient: 7fca37f10e974b3fe98f7467faccbcd19c88b5dc

PODFILE CHECKSUM: a9d804f94f97c439b47ce5138ecd1f03b384650f

COCOAPODS: 1.9.1
