// !$*UTF8*$!
{
	archiveVersion = 1;
	classes = {
	};
	objectVersion = 46;
	objects = {

/* Begin PBXBuildFile section */
		3E4303FD2360803C005E2838 /* Fact.swift in Sources */ = {isa = PBXBuildFile; fileRef = 3E4303F02360803C005E2838 /* Fact.swift */; };
		3E4303FE2360803C005E2838 /* Main.storyboard in Resources */ = {isa = PBXBuildFile; fileRef = 3E4303F12360803C005E2838 /* Main.storyboard */; };
		3E4303FF2360803C005E2838 /* NewsAPI.swift in Sources */ = {isa = PBXBuildFile; fileRef = 3E4303F42360803C005E2838 /* NewsAPI.swift */; };
		3E4304002360803C005E2838 /* ViewController.swift in Sources */ = {isa = PBXBuildFile; fileRef = 3E4303F72360803C005E2838 /* ViewController.swift */; };
		3E4304012360803C005E2838 /* FactTableViewCell.swift in Sources */ = {isa = PBXBuildFile; fileRef = 3E4303F92360803C005E2838 /* FactTableViewCell.swift */; };
		3E4304022360803C005E2838 /* LaunchScreen.xib in Resources */ = {isa = PBXBuildFile; fileRef = 3E4303FA2360803C005E2838 /* LaunchScreen.xib */; };
		3E4304032360803C005E2838 /* AppDelegate.swift in Sources */ = {isa = PBXBuildFile; fileRef = 3E4303FB2360803C005E2838 /* AppDelegate.swift */; };
		B3523466B68DEDC320F4CDC3 /* Pods_MoyaNetworkClient_Example.framework in Frameworks */ = {isa = PBXBuildFile; fileRef = 6B20866FDB493085EAC0895E /* Pods_MoyaNetworkClient_Example.framework */; };
/* End PBXBuildFile section */

/* Begin PBXFileReference section */
		3E4303F02360803C005E2838 /* Fact.swift */ = {isa = PBXFileReference; fileEncoding = 4; lastKnownFileType = sourcecode.swift; path = Fact.swift; sourceTree = "<group>"; };
		3E4303F22360803C005E2838 /* Base */ = {isa = PBXFileReference; lastKnownFileType = file.storyboard; name = Base; path = Base.lproj/Main.storyboard; sourceTree = "<group>"; };
		3E4303F42360803C005E2838 /* NewsAPI.swift */ = {isa = PBXFileReference; fileEncoding = 4; lastKnownFileType = sourcecode.swift; path = NewsAPI.swift; sourceTree = "<group>"; };
		3E4303F72360803C005E2838 /* ViewController.swift */ = {isa = PBXFileReference; fileEncoding = 4; lastKnownFileType = sourcecode.swift; path = ViewController.swift; sourceTree = "<group>"; };
		3E4303F92360803C005E2838 /* FactTableViewCell.swift */ = {isa = PBXFileReference; fileEncoding = 4; lastKnownFileType = sourcecode.swift; path = FactTableViewCell.swift; sourceTree = "<group>"; };
		3E4303FA2360803C005E2838 /* LaunchScreen.xib */ = {isa = PBXFileReference; fileEncoding = 4; lastKnownFileType = file.xib; path = LaunchScreen.xib; sourceTree = "<group>"; };
		3E4303FB2360803C005E2838 /* AppDelegate.swift */ = {isa = PBXFileReference; fileEncoding = 4; lastKnownFileType = sourcecode.swift; path = AppDelegate.swift; sourceTree = "<group>"; };
		3E4303FC2360803C005E2838 /* Info.plist */ = {isa = PBXFileReference; fileEncoding = 4; lastKnownFileType = text.plist.xml; path = Info.plist; sourceTree = "<group>"; };
		607FACD01AFB9204008FA782 /* MoyaNetworkClient_Example.app */ = {isa = PBXFileReference; explicitFileType = wrapper.application; includeInIndex = 0; path = MoyaNetworkClient_Example.app; sourceTree = BUILT_PRODUCTS_DIR; };
		611F83D90AB55D7F0D89D47E /* Pods-MoyaNetworkClient_Example.release.xcconfig */ = {isa = PBXFileReference; includeInIndex = 1; lastKnownFileType = text.xcconfig; name = "Pods-MoyaNetworkClient_Example.release.xcconfig"; path = "Target Support Files/Pods-MoyaNetworkClient_Example/Pods-MoyaNetworkClient_Example.release.xcconfig"; sourceTree = "<group>"; };
		6B20866FDB493085EAC0895E /* Pods_MoyaNetworkClient_Example.framework */ = {isa = PBXFileReference; explicitFileType = wrapper.framework; includeInIndex = 0; path = Pods_MoyaNetworkClient_Example.framework; sourceTree = BUILT_PRODUCTS_DIR; };
		6D913CEBBE7FCCDFB28E75DC /* Pods-MoyaNetworkClient_Tests.release.xcconfig */ = {isa = PBXFileReference; includeInIndex = 1; lastKnownFileType = text.xcconfig; name = "Pods-MoyaNetworkClient_Tests.release.xcconfig"; path = "Target Support Files/Pods-MoyaNetworkClient_Tests/Pods-MoyaNetworkClient_Tests.release.xcconfig"; sourceTree = "<group>"; };
		7952091FB3B276AB33F845AD /* Pods_MoyaNetworkClient_Tests.framework */ = {isa = PBXFileReference; explicitFileType = wrapper.framework; includeInIndex = 0; path = Pods_MoyaNetworkClient_Tests.framework; sourceTree = BUILT_PRODUCTS_DIR; };
		84B5452F20B453198D4E5EFF /* README.md */ = {isa = PBXFileReference; includeInIndex = 1; lastKnownFileType = net.daringfireball.markdown; name = README.md; path = ../README.md; sourceTree = "<group>"; };
		85F06B43830B503C46570803 /* Pods-MoyaNetworkClient_Tests.debug.xcconfig */ = {isa = PBXFileReference; includeInIndex = 1; lastKnownFileType = text.xcconfig; name = "Pods-MoyaNetworkClient_Tests.debug.xcconfig"; path = "Target Support Files/Pods-MoyaNetworkClient_Tests/Pods-MoyaNetworkClient_Tests.debug.xcconfig"; sourceTree = "<group>"; };
		C302527274FB2AFEF0C6CFDB /* Pods-MoyaNetworkClient_Example.debug.xcconfig */ = {isa = PBXFileReference; includeInIndex = 1; lastKnownFileType = text.xcconfig; name = "Pods-MoyaNetworkClient_Example.debug.xcconfig"; path = "Target Support Files/Pods-MoyaNetworkClient_Example/Pods-MoyaNetworkClient_Example.debug.xcconfig"; sourceTree = "<group>"; };
		CCF4DCA8AD00E5056ABD0454 /* MoyaNetworkClient.podspec */ = {isa = PBXFileReference; includeInIndex = 1; lastKnownFileType = text; name = MoyaNetworkClient.podspec; path = ../MoyaNetworkClient.podspec; sourceTree = "<group>"; };
		EF63850F077ED077B459B669 /* LICENSE */ = {isa = PBXFileReference; includeInIndex = 1; lastKnownFileType = text; name = LICENSE; path = ../LICENSE; sourceTree = "<group>"; };
/* End PBXFileReference section */

/* Begin PBXFrameworksBuildPhase section */
		607FACCD1AFB9204008FA782 /* Frameworks */ = {
			isa = PBXFrameworksBuildPhase;
			buildActionMask = 2147483647;
			files = (
				B3523466B68DEDC320F4CDC3 /* Pods_MoyaNetworkClient_Example.framework in Frameworks */,
			);
			runOnlyForDeploymentPostprocessing = 0;
		};
/* End PBXFrameworksBuildPhase section */

/* Begin PBXGroup section */
		332AB41782338DA36F93F9A0 /* Frameworks */ = {
			isa = PBXGroup;
			children = (
				6B20866FDB493085EAC0895E /* Pods_MoyaNetworkClient_Example.framework */,
				7952091FB3B276AB33F845AD /* Pods_MoyaNetworkClient_Tests.framework */,
			);
			name = Frameworks;
			sourceTree = "<group>";
		};
		3E4303ED2360803C005E2838 /* MoyaNetworkClient */ = {
			isa = PBXGroup;
			children = (
				3E4303EE2360803C005E2838 /* Classes */,
				3E4303FA2360803C005E2838 /* LaunchScreen.xib */,
				3E4303FB2360803C005E2838 /* AppDelegate.swift */,
				3E4303FC2360803C005E2838 /* Info.plist */,
			);
			path = MoyaNetworkClient;
			sourceTree = "<group>";
		};
		3E4303EE2360803C005E2838 /* Classes */ = {
			isa = PBXGroup;
			children = (
				3E4303EF2360803C005E2838 /* Models */,
				3E4303F12360803C005E2838 /* Main.storyboard */,
				3E4303F32360803C005E2838 /* API */,
				3E4303F52360803C005E2838 /* Modules */,
			);
			path = Classes;
			sourceTree = "<group>";
		};
		3E4303EF2360803C005E2838 /* Models */ = {
			isa = PBXGroup;
			children = (
				3E4303F02360803C005E2838 /* Fact.swift */,
			);
			path = Models;
			sourceTree = "<group>";
		};
		3E4303F32360803C005E2838 /* API */ = {
			isa = PBXGroup;
			children = (
				3E4303F42360803C005E2838 /* NewsAPI.swift */,
			);
			path = API;
			sourceTree = "<group>";
		};
		3E4303F52360803C005E2838 /* Modules */ = {
			isa = PBXGroup;
			children = (
				3E4303F62360803C005E2838 /* Example */,
			);
			path = Modules;
			sourceTree = "<group>";
		};
		3E4303F62360803C005E2838 /* Example */ = {
			isa = PBXGroup;
			children = (
				3E4303F72360803C005E2838 /* ViewController.swift */,
				3E4303F82360803C005E2838 /* Cell */,
			);
			path = Example;
			sourceTree = "<group>";
		};
		3E4303F82360803C005E2838 /* Cell */ = {
			isa = PBXGroup;
			children = (
				3E4303F92360803C005E2838 /* FactTableViewCell.swift */,
			);
			path = Cell;
			sourceTree = "<group>";
		};
		607FACC71AFB9204008FA782 = {
			isa = PBXGroup;
			children = (
				3E4303ED2360803C005E2838 /* MoyaNetworkClient */,
				607FACF51AFB993E008FA782 /* Podspec Metadata */,
				607FACD11AFB9204008FA782 /* Products */,
				9966FA4A18C766FB4EDCFCDF /* Pods */,
				332AB41782338DA36F93F9A0 /* Frameworks */,
			);
			sourceTree = "<group>";
		};
		607FACD11AFB9204008FA782 /* Products */ = {
			isa = PBXGroup;
			children = (
				607FACD01AFB9204008FA782 /* MoyaNetworkClient_Example.app */,
			);
			name = Products;
			sourceTree = "<group>";
		};
		607FACF51AFB993E008FA782 /* Podspec Metadata */ = {
			isa = PBXGroup;
			children = (
				CCF4DCA8AD00E5056ABD0454 /* MoyaNetworkClient.podspec */,
				84B5452F20B453198D4E5EFF /* README.md */,
				EF63850F077ED077B459B669 /* LICENSE */,
			);
			name = "Podspec Metadata";
			sourceTree = "<group>";
		};
		9966FA4A18C766FB4EDCFCDF /* Pods */ = {
			isa = PBXGroup;
			children = (
				C302527274FB2AFEF0C6CFDB /* Pods-MoyaNetworkClient_Example.debug.xcconfig */,
				611F83D90AB55D7F0D89D47E /* Pods-MoyaNetworkClient_Example.release.xcconfig */,
				85F06B43830B503C46570803 /* Pods-MoyaNetworkClient_Tests.debug.xcconfig */,
				6D913CEBBE7FCCDFB28E75DC /* Pods-MoyaNetworkClient_Tests.release.xcconfig */,
			);
			path = Pods;
			sourceTree = "<group>";
		};
/* End PBXGroup section */

/* Begin PBXNativeTarget section */
		607FACCF1AFB9204008FA782 /* MoyaNetworkClient_Example */ = {
			isa = PBXNativeTarget;
			buildConfigurationList = 607FACEF1AFB9204008FA782 /* Build configuration list for PBXNativeTarget "MoyaNetworkClient_Example" */;
			buildPhases = (
				90CDCC8D04008464074BC620 /* [CP] Check Pods Manifest.lock */,
				607FACCC1AFB9204008FA782 /* Sources */,
				607FACCD1AFB9204008FA782 /* Frameworks */,
				607FACCE1AFB9204008FA782 /* Resources */,
				81719DE12F15534C3793085C /* [CP] Embed Pods Frameworks */,
			);
			buildRules = (
			);
			dependencies = (
			);
			name = MoyaNetworkClient_Example;
			productName = MoyaNetworkClient;
			productReference = 607FACD01AFB9204008FA782 /* MoyaNetworkClient_Example.app */;
			productType = "com.apple.product-type.application";
		};
/* End PBXNativeTarget section */

/* Begin PBXProject section */
		607FACC81AFB9204008FA782 /* Project object */ = {
			isa = PBXProject;
			attributes = {
				LastSwiftUpdateCheck = 0830;
				LastUpgradeCheck = 1030;
				ORGANIZATIONNAME = CocoaPods;
				TargetAttributes = {
					607FACCF1AFB9204008FA782 = {
						CreatedOnToolsVersion = 6.3.1;
						DevelopmentTeam = W32FTX2H6D;
						LastSwiftMigration = 1110;
					};
				};
			};
			buildConfigurationList = 607FACCB1AFB9204008FA782 /* Build configuration list for PBXProject "MoyaNetworkClient" */;
			compatibilityVersion = "Xcode 3.2";
			developmentRegion = en;
			hasScannedForEncodings = 0;
			knownRegions = (
				en,
				Base,
			);
			mainGroup = 607FACC71AFB9204008FA782;
			productRefGroup = 607FACD11AFB9204008FA782 /* Products */;
			projectDirPath = "";
			projectRoot = "";
			targets = (
				607FACCF1AFB9204008FA782 /* MoyaNetworkClient_Example */,
			);
		};
/* End PBXProject section */

/* Begin PBXResourcesBuildPhase section */
		607FACCE1AFB9204008FA782 /* Resources */ = {
			isa = PBXResourcesBuildPhase;
			buildActionMask = 2147483647;
			files = (
				3E4304022360803C005E2838 /* LaunchScreen.xib in Resources */,
				3E4303FE2360803C005E2838 /* Main.storyboard in Resources */,
			);
			runOnlyForDeploymentPostprocessing = 0;
		};
/* End PBXResourcesBuildPhase section */

/* Begin PBXShellScriptBuildPhase section */
		81719DE12F15534C3793085C /* [CP] Embed Pods Frameworks */ = {
			isa = PBXShellScriptBuildPhase;
			buildActionMask = 2147483647;
			files = (
			);
			inputPaths = (
				"${PODS_ROOT}/Target Support Files/Pods-MoyaNetworkClient_Example/Pods-MoyaNetworkClient_Example-frameworks.sh",
				"${BUILT_PRODUCTS_DIR}/Alamofire/Alamofire.framework",
				"${BUILT_PRODUCTS_DIR}/Cache/Cache.framework",
				"${BUILT_PRODUCTS_DIR}/Moya/Moya.framework",
				"${BUILT_PRODUCTS_DIR}/MoyaNetworkClient/MoyaNetworkClient.framework",
				"${BUILT_PRODUCTS_DIR}/Result/Result.framework",
			);
			name = "[CP] Embed Pods Frameworks";
			outputPaths = (
				"${TARGET_BUILD_DIR}/${FRAMEWORKS_FOLDER_PATH}/Alamofire.framework",
				"${TARGET_BUILD_DIR}/${FRAMEWORKS_FOLDER_PATH}/Cache.framework",
				"${TARGET_BUILD_DIR}/${FRAMEWORKS_FOLDER_PATH}/Moya.framework",
				"${TARGET_BUILD_DIR}/${FRAMEWORKS_FOLDER_PATH}/MoyaNetworkClient.framework",
				"${TARGET_BUILD_DIR}/${FRAMEWORKS_FOLDER_PATH}/Result.framework",
			);
			runOnlyForDeploymentPostprocessing = 0;
			shellPath = /bin/sh;
			shellScript = "\"${PODS_ROOT}/Target Support Files/Pods-MoyaNetworkClient_Example/Pods-MoyaNetworkClient_Example-frameworks.sh\"\n";
			showEnvVarsInLog = 0;
		};
		90CDCC8D04008464074BC620 /* [CP] Check Pods Manifest.lock */ = {
			isa = PBXShellScriptBuildPhase;
			buildActionMask = 2147483647;
			files = (
			);
			inputFileListPaths = (
			);
			inputPaths = (
				"${PODS_PODFILE_DIR_PATH}/Podfile.lock",
				"${PODS_ROOT}/Manifest.lock",
			);
			name = "[CP] Check Pods Manifest.lock";
			outputFileListPaths = (
			);
			outputPaths = (
				"$(DERIVED_FILE_DIR)/Pods-MoyaNetworkClient_Example-checkManifestLockResult.txt",
			);
			runOnlyForDeploymentPostprocessing = 0;
			shellPath = /bin/sh;
			shellScript = "diff \"${PODS_PODFILE_DIR_PATH}/Podfile.lock\" \"${PODS_ROOT}/Manifest.lock\" > /dev/null\nif [ $? != 0 ] ; then\n    # print error to STDERR\n    echo \"error: The sandbox is not in sync with the Podfile.lock. Run 'pod install' or update your CocoaPods installation.\" >&2\n    exit 1\nfi\n# This output is used by Xcode 'outputs' to avoid re-running this script phase.\necho \"SUCCESS\" > \"${SCRIPT_OUTPUT_FILE_0}\"\n";
			showEnvVarsInLog = 0;
		};
/* End PBXShellScriptBuildPhase section */

/* Begin PBXSourcesBuildPhase section */
		607FACCC1AFB9204008FA782 /* Sources */ = {
			isa = PBXSourcesBuildPhase;
			buildActionMask = 2147483647;
			files = (
				3E4304002360803C005E2838 /* ViewController.swift in Sources */,
				3E4303FD2360803C005E2838 /* Fact.swift in Sources */,
				3E4303FF2360803C005E2838 /* NewsAPI.swift in Sources */,
				3E4304032360803C005E2838 /* AppDelegate.swift in Sources */,
				3E4304012360803C005E2838 /* FactTableViewCell.swift in Sources */,
			);
			runOnlyForDeploymentPostprocessing = 0;
		};
/* End PBXSourcesBuildPhase section */

/* Begin PBXVariantGroup section */
		3E4303F12360803C005E2838 /* Main.storyboard */ = {
			isa = PBXVariantGroup;
			children = (
				3E4303F22360803C005E2838 /* Base */,
			);
			name = Main.storyboard;
			sourceTree = "<group>";
		};
/* End PBXVariantGroup section */

/* Begin XCBuildConfiguration section */
		607FACED1AFB9204008FA782 /* Debug */ = {
			isa = XCBuildConfiguration;
			buildSettings = {
				ALWAYS_SEARCH_USER_PATHS = NO;
				CLANG_ANALYZER_LOCALIZABILITY_NONLOCALIZED = YES;
				CLANG_CXX_LANGUAGE_STANDARD = "gnu++0x";
				CLANG_CXX_LIBRARY = "libc++";
				CLANG_ENABLE_MODULES = YES;
				CLANG_ENABLE_OBJC_ARC = YES;
				CLANG_WARN_BLOCK_CAPTURE_AUTORELEASING = YES;
				CLANG_WARN_BOOL_CONVERSION = YES;
				CLANG_WARN_COMMA = YES;
				CLANG_WARN_CONSTANT_CONVERSION = YES;
				CLANG_WARN_DEPRECATED_OBJC_IMPLEMENTATIONS = YES;
				CLANG_WARN_DIRECT_OBJC_ISA_USAGE = YES_ERROR;
				CLANG_WARN_EMPTY_BODY = YES;
				CLANG_WARN_ENUM_CONVERSION = YES;
				CLANG_WARN_INFINITE_RECURSION = YES;
				CLANG_WARN_INT_CONVERSION = YES;
				CLANG_WARN_NON_LITERAL_NULL_CONVERSION = YES;
				CLANG_WARN_OBJC_IMPLICIT_RETAIN_SELF = YES;
				CLANG_WARN_OBJC_LITERAL_CONVERSION = YES;
				CLANG_WARN_OBJC_ROOT_CLASS = YES_ERROR;
				CLANG_WARN_RANGE_LOOP_ANALYSIS = YES;
				CLANG_WARN_STRICT_PROTOTYPES = YES;
				CLANG_WARN_SUSPICIOUS_MOVE = YES;
				CLANG_WARN_UNREACHABLE_CODE = YES;
				CLANG_WARN__DUPLICATE_METHOD_MATCH = YES;
				"CODE_SIGN_IDENTITY[sdk=iphoneos*]" = "iPhone Developer";
				COPY_PHASE_STRIP = NO;
				DEBUG_INFORMATION_FORMAT = "dwarf-with-dsym";
				ENABLE_STRICT_OBJC_MSGSEND = YES;
				ENABLE_TESTABILITY = YES;
				GCC_C_LANGUAGE_STANDARD = gnu99;
				GCC_DYNAMIC_NO_PIC = NO;
				GCC_NO_COMMON_BLOCKS = YES;
				GCC_OPTIMIZATION_LEVEL = 0;
				GCC_PREPROCESSOR_DEFINITIONS = (
					"DEBUG=1",
					"$(inherited)",
				);
				GCC_SYMBOLS_PRIVATE_EXTERN = NO;
				GCC_WARN_64_TO_32_BIT_CONVERSION = YES;
				GCC_WARN_ABOUT_RETURN_TYPE = YES_ERROR;
				GCC_WARN_UNDECLARED_SELECTOR = YES;
				GCC_WARN_UNINITIALIZED_AUTOS = YES_AGGRESSIVE;
				GCC_WARN_UNUSED_FUNCTION = YES;
				GCC_WARN_UNUSED_VARIABLE = YES;
				IPHONEOS_DEPLOYMENT_TARGET = 9.3;
				MTL_ENABLE_DEBUG_INFO = YES;
				ONLY_ACTIVE_ARCH = YES;
				SDKROOT = iphoneos;
				SWIFT_OPTIMIZATION_LEVEL = "-Onone";
			};
			name = Debug;
		};
		607FACEE1AFB9204008FA782 /* Release */ = {
			isa = XCBuildConfiguration;
			buildSettings = {
				ALWAYS_SEARCH_USER_PATHS = NO;
				CLANG_ANALYZER_LOCALIZABILITY_NONLOCALIZED = YES;
				CLANG_CXX_LANGUAGE_STANDARD = "gnu++0x";
				CLANG_CXX_LIBRARY = "libc++";
				CLANG_ENABLE_MODULES = YES;
				CLANG_ENABLE_OBJC_ARC = YES;
				CLANG_WARN_BLOCK_CAPTURE_AUTORELEASING = YES;
				CLANG_WARN_BOOL_CONVERSION = YES;
				CLANG_WARN_COMMA = YES;
				CLANG_WARN_CONSTANT_CONVERSION = YES;
				CLANG_WARN_DEPRECATED_OBJC_IMPLEMENTATIONS = YES;
				CLANG_WARN_DIRECT_OBJC_ISA_USAGE = YES_ERROR;
				CLANG_WARN_EMPTY_BODY = YES;
				CLANG_WARN_ENUM_CONVERSION = YES;
				CLANG_WARN_INFINITE_RECURSION = YES;
				CLANG_WARN_INT_CONVERSION = YES;
				CLANG_WARN_NON_LITERAL_NULL_CONVERSION = YES;
				CLANG_WARN_OBJC_IMPLICIT_RETAIN_SELF = YES;
				CLANG_WARN_OBJC_LITERAL_CONVERSION = YES;
				CLANG_WARN_OBJC_ROOT_CLASS = YES_ERROR;
				CLANG_WARN_RANGE_LOOP_ANALYSIS = YES;
				CLANG_WARN_STRICT_PROTOTYPES = YES;
				CLANG_WARN_SUSPICIOUS_MOVE = YES;
				CLANG_WARN_UNREACHABLE_CODE = YES;
				CLANG_WARN__DUPLICATE_METHOD_MATCH = YES;
				"CODE_SIGN_IDENTITY[sdk=iphoneos*]" = "iPhone Developer";
				COPY_PHASE_STRIP = NO;
				DEBUG_INFORMATION_FORMAT = "dwarf-with-dsym";
				ENABLE_NS_ASSERTIONS = NO;
				ENABLE_STRICT_OBJC_MSGSEND = YES;
				GCC_C_LANGUAGE_STANDARD = gnu99;
				GCC_NO_COMMON_BLOCKS = YES;
				GCC_WARN_64_TO_32_BIT_CONVERSION = YES;
				GCC_WARN_ABOUT_RETURN_TYPE = YES_ERROR;
				GCC_WARN_UNDECLARED_SELECTOR = YES;
				GCC_WARN_UNINITIALIZED_AUTOS = YES_AGGRESSIVE;
				GCC_WARN_UNUSED_FUNCTION = YES;
				GCC_WARN_UNUSED_VARIABLE = YES;
				IPHONEOS_DEPLOYMENT_TARGET = 9.3;
				MTL_ENABLE_DEBUG_INFO = NO;
				SDKROOT = iphoneos;
				SWIFT_OPTIMIZATION_LEVEL = "-Owholemodule";
				VALIDATE_PRODUCT = YES;
			};
			name = Release;
		};
		607FACF01AFB9204008FA782 /* Debug */ = {
			isa = XCBuildConfiguration;
			baseConfigurationReference = C302527274FB2AFEF0C6CFDB /* Pods-MoyaNetworkClient_Example.debug.xcconfig */;
			buildSettings = {
				ASSETCATALOG_COMPILER_APPICON_NAME = AppIcon;
				CLANG_ENABLE_MODULES = YES;
				DEVELOPMENT_TEAM = W32FTX2H6D;
				INFOPLIST_FILE = MoyaNetworkClient/Info.plist;
				LD_RUNPATH_SEARCH_PATHS = "$(inherited) @executable_path/Frameworks";
				MODULE_NAME = ExampleApp;
				PRODUCT_BUNDLE_IDENTIFIER = "org.cocoapods.demo.MoyaNetworkClient-Example1";
				PRODUCT_NAME = "$(TARGET_NAME)";
				SWIFT_OPTIMIZATION_LEVEL = "-Onone";
				SWIFT_SWIFT3_OBJC_INFERENCE = Default;
				SWIFT_VERSION = 5.0;
			};
			name = Debug;
		};
		607FACF11AFB9204008FA782 /* Release */ = {
			isa = XCBuildConfiguration;
			baseConfigurationReference = 611F83D90AB55D7F0D89D47E /* Pods-MoyaNetworkClient_Example.release.xcconfig */;
			buildSettings = {
				ASSETCATALOG_COMPILER_APPICON_NAME = AppIcon;
				CLANG_ENABLE_MODULES = YES;
				DEVELOPMENT_TEAM = W32FTX2H6D;
				INFOPLIST_FILE = MoyaNetworkClient/Info.plist;
				LD_RUNPATH_SEARCH_PATHS = "$(inherited) @executable_path/Frameworks";
				MODULE_NAME = ExampleApp;
				PRODUCT_BUNDLE_IDENTIFIER = "org.cocoapods.demo.MoyaNetworkClient-Example1";
				PRODUCT_NAME = "$(TARGET_NAME)";
				SWIFT_SWIFT3_OBJC_INFERENCE = Default;
				SWIFT_VERSION = 5.0;
			};
			name = Release;
		};
/* End XCBuildConfiguration section */

/* Begin XCConfigurationList section */
		607FACCB1AFB9204008FA782 /* Build configuration list for PBXProject "MoyaNetworkClient" */ = {
			isa = XCConfigurationList;
			buildConfigurations = (
				607FACED1AFB9204008FA782 /* Debug */,
				607FACEE1AFB9204008FA782 /* Release */,
			);
			defaultConfigurationIsVisible = 0;
			defaultConfigurationName = Release;
		};
		607FACEF1AFB9204008FA782 /* Build configuration list for PBXNativeTarget "MoyaNetworkClient_Example" */ = {
			isa = XCConfigurationList;
			buildConfigurations = (
				607FACF01AFB9204008FA782 /* Debug */,
				607FACF11AFB9204008FA782 /* Release */,
			);
			defaultConfigurationIsVisible = 0;
			defaultConfigurationName = Release;
		};
/* End XCConfigurationList section */
	};
	rootObject = 607FACC81AFB9204008FA782 /* Project object */;
}
